
Microsoft Visual Studio Solution File, Format Version 12.00
# Visual Studio 15
VisualStudioVersion = 15.0.27004.2005
MinimumVisualStudioVersion = 10.0.40219.1
Project("{2150E333-8FDC-42A3-9474-1A3956D46DE8}") = "Clients", "Clients", "{7582405E-E2BD-4D9B-BFB7-E33562EDAA93}"
EndProject
Project("{9A19103F-16F7-4668-BE54-9A1E7A4F7556}") = "ResoluteWare.InstallationSight.Client", "..\ResoluteWare.InstallationSight.Client\ResoluteWare.InstallationSight.Client.csproj", "{8ABE4BA5-863E-49FD-9245-38932FE236E6}"
EndProject
Global
	GlobalSection(SolutionConfigurationPlatforms) = preSolution
		Debug|Any CPU = Debug|Any CPU
		Release|Any CPU = Release|Any CPU
	EndGlobalSection
	GlobalSection(ProjectConfigurationPlatforms) = postSolution
		{8ABE4BA5-863E-49FD-9245-38932FE236E6}.Debug|Any CPU.ActiveCfg = Debug|Any CPU
		{8ABE4BA5-863E-49FD-9245-38932FE236E6}.Debug|Any CPU.Build.0 = Debug|Any CPU
		{8ABE4BA5-863E-49FD-9245-38932FE236E6}.Release|Any CPU.ActiveCfg = Release|Any CPU
		{8ABE4BA5-863E-49FD-9245-38932FE236E6}.Release|Any CPU.Build.0 = Release|Any CPU
	EndGlobalSection
	GlobalSection(SolutionProperties) = preSolution
		HideSolutionNode = FALSE
	EndGlobalSection
	GlobalSection(NestedProjects) = preSolution
		{8ABE4BA5-863E-49FD-9245-38932FE236E6} = {7582405E-E2BD-4D9B-BFB7-E33562EDAA93}
	EndGlobalSection
	GlobalSection(ExtensibilityGlobals) = postSolution
		SolutionGuid = {3797DC95-1E79-478D-BDE9-99E8ECD3BCE6}
	EndGlobalSection
EndGlobal
